
Microsoft Visual Studio Solution File, Format Version 12.00
# Visual Studio 14
VisualStudioVersion = 14.0.25123.0
MinimumVisualStudioVersion = 10.0.40219.1
Project("{8BC9CEB8-8B4A-11D0-8D11-00A0C91BC942}") = "FiveMP_Launcher", "FiveMP_Launcher\FiveMP_Launcher.vcxproj", "{F7298C9D-03AC-4557-96A2-556D44250621}"
EndProject
Project("{8BC9CEB8-8B4A-11D0-8D11-00A0C91BC942}") = "FiveMP_Client", "FiveMP_Client\FiveMP_Client.vcxproj", "{05C92719-05C7-4DED-9024-5489640AD286}"
	ProjectSection(ProjectDependencies) = postProject
		{5752EE06-BA85-45C6-8141-2D0FC2E19B95} = {5752EE06-BA85-45C6-8141-2D0FC2E19B95}
		{BBF77E27-2A0C-4A0E-8BC5-F76C19FEEAE5} = {BBF77E27-2A0C-4A0E-8BC5-F76C19FEEAE5}
		{D578244B-91CE-414F-8279-6E39212FF632} = {D578244B-91CE-414F-8279-6E39212FF632}
	EndProjectSection
EndProject
Project("{8BC9CEB8-8B4A-11D0-8D11-00A0C91BC942}") = "FiveMP_Server", "FiveMP_Server\FiveMP_Server.vcxproj", "{11DAC5C3-DF35-4E52-BCA3-65FE3FC08884}"
	ProjectSection(ProjectDependencies) = postProject
		{5752EE06-BA85-45C6-8141-2D0FC2E19B95} = {5752EE06-BA85-45C6-8141-2D0FC2E19B95}
		{BBF77E27-2A0C-4A0E-8BC5-F76C19FEEAE5} = {BBF77E27-2A0C-4A0E-8BC5-F76C19FEEAE5}
		{D578244B-91CE-414F-8279-6E39212FF632} = {D578244B-91CE-414F-8279-6E39212FF632}
		{E27DEB82-20F2-4A07-AEAC-48D8FB118DC6} = {E27DEB82-20F2-4A07-AEAC-48D8FB118DC6}
	EndProjectSection
EndProject
Project("{8BC9CEB8-8B4A-11D0-8D11-00A0C91BC942}") = "LUA", "LUA\LUA.vcxproj", "{E27DEB82-20F2-4A07-AEAC-48D8FB118DC6}"
EndProject
Project("{2150E333-8FDC-42A3-9474-1A3956D46DE8}") = "Client", "Client", "{CC1B3151-277C-48E9-8560-FBC583D4E26B}"
EndProject
Project("{2150E333-8FDC-42A3-9474-1A3956D46DE8}") = "Server", "Server", "{0054C461-99F8-420B-8CAE-23E71D5587D2}"
EndProject
Project("{2150E333-8FDC-42A3-9474-1A3956D46DE8}") = "Dependencies", "Dependencies", "{A71FC343-6712-4154-BB6A-668D7B083F92}"
	ProjectSection(SolutionItems) = preProject
		FiveMP_Client\Model.cpp = FiveMP_Client\Model.cpp
	EndProjectSection
EndProject
Project("{8BC9CEB8-8B4A-11D0-8D11-00A0C91BC942}") = "RakNet", "RakNet\RakNet.vcxproj", "{D578244B-91CE-414F-8279-6E39212FF632}"
EndProject
Project("{8BC9CEB8-8B4A-11D0-8D11-00A0C91BC942}") = "INIReader", "INIReader\INIReader.vcxproj", "{BBF77E27-2A0C-4A0E-8BC5-F76C19FEEAE5}"
EndProject
Project("{8BC9CEB8-8B4A-11D0-8D11-00A0C91BC942}") = "ScriptHookV", "ScriptHookV\ScriptHookV.vcxproj", "{5752EE06-BA85-45C6-8141-2D0FC2E19B95}"
EndProject
Project("{8BC9CEB8-8B4A-11D0-8D11-00A0C91BC942}") = "FiveMP_NPC", "FiveMP_NPC\FiveMP_NPC.vcxproj", "{F0F61208-9FFE-4D10-A393-47B04944196B}"
	ProjectSection(ProjectDependencies) = postProject
		{5752EE06-BA85-45C6-8141-2D0FC2E19B95} = {5752EE06-BA85-45C6-8141-2D0FC2E19B95}
		{BBF77E27-2A0C-4A0E-8BC5-F76C19FEEAE5} = {BBF77E27-2A0C-4A0E-8BC5-F76C19FEEAE5}
		{D578244B-91CE-414F-8279-6E39212FF632} = {D578244B-91CE-414F-8279-6E39212FF632}
		{E27DEB82-20F2-4A07-AEAC-48D8FB118DC6} = {E27DEB82-20F2-4A07-AEAC-48D8FB118DC6}
	EndProjectSection
EndProject
Global
	GlobalSection(SolutionConfigurationPlatforms) = preSolution
		Debug|ARM = Debug|ARM
		Debug|x64 = Debug|x64
		Debug|x86 = Debug|x86
		Release|ARM = Release|ARM
		Release|x64 = Release|x64
		Release|x86 = Release|x86
	EndGlobalSection
	GlobalSection(ProjectConfigurationPlatforms) = postSolution
		{F7298C9D-03AC-4557-96A2-556D44250621}.Debug|ARM.ActiveCfg = Debug|x64
		{F7298C9D-03AC-4557-96A2-556D44250621}.Debug|x64.ActiveCfg = Debug|x64
		{F7298C9D-03AC-4557-96A2-556D44250621}.Debug|x64.Build.0 = Debug|x64
		{F7298C9D-03AC-4557-96A2-556D44250621}.Debug|x86.ActiveCfg = Debug|x64
		{F7298C9D-03AC-4557-96A2-556D44250621}.Debug|x86.Build.0 = Debug|x64
		{F7298C9D-03AC-4557-96A2-556D44250621}.Release|ARM.ActiveCfg = Release|x64
		{F7298C9D-03AC-4557-96A2-556D44250621}.Release|x64.ActiveCfg = Release|x64
		{F7298C9D-03AC-4557-96A2-556D44250621}.Release|x64.Build.0 = Release|x64
		{F7298C9D-03AC-4557-96A2-556D44250621}.Release|x86.ActiveCfg = Release|x64
		{F7298C9D-03AC-4557-96A2-556D44250621}.Release|x86.Build.0 = Release|x64
		{05C92719-05C7-4DED-9024-5489640AD286}.Debug|ARM.ActiveCfg = Debug|x64
		{05C92719-05C7-4DED-9024-5489640AD286}.Debug|x64.ActiveCfg = Debug|x64
		{05C92719-05C7-4DED-9024-5489640AD286}.Debug|x64.Build.0 = Debug|x64
		{05C92719-05C7-4DED-9024-5489640AD286}.Debug|x86.ActiveCfg = Debug|x64
		{05C92719-05C7-4DED-9024-5489640AD286}.Debug|x86.Build.0 = Debug|x64
		{05C92719-05C7-4DED-9024-5489640AD286}.Release|ARM.ActiveCfg = Release|x64
		{05C92719-05C7-4DED-9024-5489640AD286}.Release|x64.ActiveCfg = Release|x64
		{05C92719-05C7-4DED-9024-5489640AD286}.Release|x64.Build.0 = Release|x64
		{05C92719-05C7-4DED-9024-5489640AD286}.Release|x86.ActiveCfg = Release|x64
		{05C92719-05C7-4DED-9024-5489640AD286}.Release|x86.Build.0 = Release|x64
		{11DAC5C3-DF35-4E52-BCA3-65FE3FC08884}.Debug|ARM.ActiveCfg = Debug|ARM
		{11DAC5C3-DF35-4E52-BCA3-65FE3FC08884}.Debug|ARM.Build.0 = Debug|ARM
		{11DAC5C3-DF35-4E52-BCA3-65FE3FC08884}.Debug|x64.ActiveCfg = Debug|x64
		{11DAC5C3-DF35-4E52-BCA3-65FE3FC08884}.Debug|x64.Build.0 = Debug|x64
		{11DAC5C3-DF35-4E52-BCA3-65FE3FC08884}.Debug|x86.ActiveCfg = Debug|Win32
		{11DAC5C3-DF35-4E52-BCA3-65FE3FC08884}.Debug|x86.Build.0 = Debug|Win32
		{11DAC5C3-DF35-4E52-BCA3-65FE3FC08884}.Release|ARM.ActiveCfg = Release|ARM
		{11DAC5C3-DF35-4E52-BCA3-65FE3FC08884}.Release|ARM.Build.0 = Release|ARM
		{11DAC5C3-DF35-4E52-BCA3-65FE3FC08884}.Release|x64.ActiveCfg = Release|x64
		{11DAC5C3-DF35-4E52-BCA3-65FE3FC08884}.Release|x64.Build.0 = Release|x64
		{11DAC5C3-DF35-4E52-BCA3-65FE3FC08884}.Release|x86.ActiveCfg = Release|Win32
		{11DAC5C3-DF35-4E52-BCA3-65FE3FC08884}.Release|x86.Build.0 = Release|Win32
		{E27DEB82-20F2-4A07-AEAC-48D8FB118DC6}.Debug|ARM.ActiveCfg = Debug|ARM
		{E27DEB82-20F2-4A07-AEAC-48D8FB118DC6}.Debug|ARM.Build.0 = Debug|ARM
		{E27DEB82-20F2-4A07-AEAC-48D8FB118DC6}.Debug|x64.ActiveCfg = Debug|x64
		{E27DEB82-20F2-4A07-AEAC-48D8FB118DC6}.Debug|x64.Build.0 = Debug|x64
		{E27DEB82-20F2-4A07-AEAC-48D8FB118DC6}.Debug|x86.ActiveCfg = Debug|Win32
		{E27DEB82-20F2-4A07-AEAC-48D8FB118DC6}.Debug|x86.Build.0 = Debug|Win32
		{E27DEB82-20F2-4A07-AEAC-48D8FB118DC6}.Release|ARM.ActiveCfg = Release|ARM
		{E27DEB82-20F2-4A07-AEAC-48D8FB118DC6}.Release|ARM.Build.0 = Release|ARM
		{E27DEB82-20F2-4A07-AEAC-48D8FB118DC6}.Release|x64.ActiveCfg = Release|x64
		{E27DEB82-20F2-4A07-AEAC-48D8FB118DC6}.Release|x64.Build.0 = Release|x64
		{E27DEB82-20F2-4A07-AEAC-48D8FB118DC6}.Release|x86.ActiveCfg = Release|Win32
		{E27DEB82-20F2-4A07-AEAC-48D8FB118DC6}.Release|x86.Build.0 = Release|Win32
		{D578244B-91CE-414F-8279-6E39212FF632}.Debug|ARM.ActiveCfg = Debug|ARM
		{D578244B-91CE-414F-8279-6E39212FF632}.Debug|ARM.Build.0 = Debug|ARM
		{D578244B-91CE-414F-8279-6E39212FF632}.Debug|x64.ActiveCfg = Debug|x64
		{D578244B-91CE-414F-8279-6E39212FF632}.Debug|x64.Build.0 = Debug|x64
		{D578244B-91CE-414F-8279-6E39212FF632}.Debug|x86.ActiveCfg = Debug|Win32
		{D578244B-91CE-414F-8279-6E39212FF632}.Debug|x86.Build.0 = Debug|Win32
		{D578244B-91CE-414F-8279-6E39212FF632}.Release|ARM.ActiveCfg = Release|ARM
		{D578244B-91CE-414F-8279-6E39212FF632}.Release|ARM.Build.0 = Release|ARM
		{D578244B-91CE-414F-8279-6E39212FF632}.Release|x64.ActiveCfg = Release|x64
		{D578244B-91CE-414F-8279-6E39212FF632}.Release|x64.Build.0 = Release|x64
		{D578244B-91CE-414F-8279-6E39212FF632}.Release|x86.ActiveCfg = Release|Win32
		{D578244B-91CE-414F-8279-6E39212FF632}.Release|x86.Build.0 = Release|Win32
		{BBF77E27-2A0C-4A0E-8BC5-F76C19FEEAE5}.Debug|ARM.ActiveCfg = Debug|ARM
		{BBF77E27-2A0C-4A0E-8BC5-F76C19FEEAE5}.Debug|ARM.Build.0 = Debug|ARM
		{BBF77E27-2A0C-4A0E-8BC5-F76C19FEEAE5}.Debug|x64.ActiveCfg = Debug|x64
		{BBF77E27-2A0C-4A0E-8BC5-F76C19FEEAE5}.Debug|x64.Build.0 = Debug|x64
		{BBF77E27-2A0C-4A0E-8BC5-F76C19FEEAE5}.Debug|x86.ActiveCfg = Debug|Win32
		{BBF77E27-2A0C-4A0E-8BC5-F76C19FEEAE5}.Debug|x86.Build.0 = Debug|Win32
		{BBF77E27-2A0C-4A0E-8BC5-F76C19FEEAE5}.Release|ARM.ActiveCfg = Release|ARM
		{BBF77E27-2A0C-4A0E-8BC5-F76C19FEEAE5}.Release|ARM.Build.0 = Release|ARM
		{BBF77E27-2A0C-4A0E-8BC5-F76C19FEEAE5}.Release|x64.ActiveCfg = Release|x64
		{BBF77E27-2A0C-4A0E-8BC5-F76C19FEEAE5}.Release|x64.Build.0 = Release|x64
		{BBF77E27-2A0C-4A0E-8BC5-F76C19FEEAE5}.Release|x86.ActiveCfg = Release|Win32
		{BBF77E27-2A0C-4A0E-8BC5-F76C19FEEAE5}.Release|x86.Build.0 = Release|Win32
		{5752EE06-BA85-45C6-8141-2D0FC2E19B95}.Debug|ARM.ActiveCfg = Debug|ARM
		{5752EE06-BA85-45C6-8141-2D0FC2E19B95}.Debug|ARM.Build.0 = Debug|ARM
		{5752EE06-BA85-45C6-8141-2D0FC2E19B95}.Debug|x64.ActiveCfg = Debug|x64
		{5752EE06-BA85-45C6-8141-2D0FC2E19B95}.Debug|x64.Build.0 = Debug|x64
		{5752EE06-BA85-45C6-8141-2D0FC2E19B95}.Debug|x86.ActiveCfg = Debug|Win32
		{5752EE06-BA85-45C6-8141-2D0FC2E19B95}.Debug|x86.Build.0 = Debug|Win32
		{5752EE06-BA85-45C6-8141-2D0FC2E19B95}.Release|ARM.ActiveCfg = Release|ARM
		{5752EE06-BA85-45C6-8141-2D0FC2E19B95}.Release|ARM.Build.0 = Release|ARM
		{5752EE06-BA85-45C6-8141-2D0FC2E19B95}.Release|x64.ActiveCfg = Release|x64
		{5752EE06-BA85-45C6-8141-2D0FC2E19B95}.Release|x64.Build.0 = Release|x64
		{5752EE06-BA85-45C6-8141-2D0FC2E19B95}.Release|x86.ActiveCfg = Release|Win32
		{5752EE06-BA85-45C6-8141-2D0FC2E19B95}.Release|x86.Build.0 = Release|Win32
		{F0F61208-9FFE-4D10-A393-47B04944196B}.Debug|ARM.ActiveCfg = Debug|x64
		{F0F61208-9FFE-4D10-A393-47B04944196B}.Debug|x64.ActiveCfg = Debug|x64
		{F0F61208-9FFE-4D10-A393-47B04944196B}.Debug|x64.Build.0 = Debug|x64
		{F0F61208-9FFE-4D10-A393-47B04944196B}.Debug|x86.ActiveCfg = Debug|Win32
		{F0F61208-9FFE-4D10-A393-47B04944196B}.Debug|x86.Build.0 = Debug|Win32
		{F0F61208-9FFE-4D10-A393-47B04944196B}.Release|ARM.ActiveCfg = Release|x64
		{F0F61208-9FFE-4D10-A393-47B04944196B}.Release|x64.ActiveCfg = Release|x64
		{F0F61208-9FFE-4D10-A393-47B04944196B}.Release|x64.Build.0 = Release|x64
		{F0F61208-9FFE-4D10-A393-47B04944196B}.Release|x86.ActiveCfg = Release|x64
		{F0F61208-9FFE-4D10-A393-47B04944196B}.Release|x86.Build.0 = Release|x64
	EndGlobalSection
	GlobalSection(SolutionProperties) = preSolution
		HideSolutionNode = FALSE
	EndGlobalSection
	GlobalSection(NestedProjects) = preSolution
		{F7298C9D-03AC-4557-96A2-556D44250621} = {CC1B3151-277C-48E9-8560-FBC583D4E26B}
		{05C92719-05C7-4DED-9024-5489640AD286} = {CC1B3151-277C-48E9-8560-FBC583D4E26B}
		{11DAC5C3-DF35-4E52-BCA3-65FE3FC08884} = {0054C461-99F8-420B-8CAE-23E71D5587D2}
		{E27DEB82-20F2-4A07-AEAC-48D8FB118DC6} = {A71FC343-6712-4154-BB6A-668D7B083F92}
		{D578244B-91CE-414F-8279-6E39212FF632} = {A71FC343-6712-4154-BB6A-668D7B083F92}
		{BBF77E27-2A0C-4A0E-8BC5-F76C19FEEAE5} = {A71FC343-6712-4154-BB6A-668D7B083F92}
		{5752EE06-BA85-45C6-8141-2D0FC2E19B95} = {A71FC343-6712-4154-BB6A-668D7B083F92}
		{F0F61208-9FFE-4D10-A393-47B04944196B} = {0054C461-99F8-420B-8CAE-23E71D5587D2}
	EndGlobalSection
EndGlobal
