<?xml version="1.0" encoding="utf-8"?>
<Project ToolsVersion="4.0" xmlns="http://schemas.microsoft.com/developer/msbuild/2003">
  <ItemGroup>
    <ClInclude Include="server.h" />
    <ClInclude Include="resource.h">
      <Filter>Include\Resource</Filter>
    </ClInclude>
    <ClInclude Include="stdafx.h">
      <Filter>Include</Filter>
    </ClInclude>
    <ClInclude Include="stdafx_raknet.h">
      <Filter>Include</Filter>
    </ClInclude>
    <ClInclude Include="sPool.h">
      <Filter>Net</Filter>
    </ClInclude>
    <ClInclude Include="sConfig.h">
      <Filter>Net</Filter>
    </ClInclude>
    <ClInclude Include="functions_main.h">
      <Filter>Scripting %28LUA%29</Filter>
    </ClInclude>
    <ClInclude Include="callbacks.h">
      <Filter>Scripting %28LUA%29</Filter>
    </ClInclude>
    <ClInclude Include="functions_hud.h">
      <Filter>Scripting %28LUA%29</Filter>
    </ClInclude>
    <ClInclude Include="functions_player.h">
      <Filter>Scripting %28LUA%29</Filter>
    </ClInclude>
  </ItemGroup>
  <ItemGroup>
    <ClCompile Include="server.cpp" />
    <ClCompile Include="stdafx.cpp">
      <Filter>Include</Filter>
    </ClCompile>
    <ClCompile Include="sPool.cpp">
      <Filter>Net</Filter>
    </ClCompile>
    <ClCompile Include="sConfig.cpp">
      <Filter>Net</Filter>
    </ClCompile>
    <ClCompile Include="functions_main.cpp">
      <Filter>Scripting %28LUA%29</Filter>
    </ClCompile>
    <ClCompile Include="callbacks.cpp">
      <Filter>Scripting %28LUA%29</Filter>
    </ClCompile>
    <ClCompile Include="functions_hud.cpp">
      <Filter>Scripting %28LUA%29</Filter>
    </ClCompile>
    <ClCompile Include="functions_player.cpp">
      <Filter>Scripting %28LUA%29</Filter>
    </ClCompile>
  </ItemGroup>
  <ItemGroup>
    <Filter Include="Include">
      <UniqueIdentifier>{0a935322-4412-4b14-996d-c31575c8a4dd}</UniqueIdentifier>
    </Filter>
    <Filter Include="Include\Resource">
      <UniqueIdentifier>{8b27ce47-a297-458c-8f36-84893980a4f6}</UniqueIdentifier>
    </Filter>
    <Filter Include="Net">
      <UniqueIdentifier>{9b0a8672-adc5-4563-aaef-8668e236b3e5}</UniqueIdentifier>
    </Filter>
    <Filter Include="Scripting %28LUA%29">
      <UniqueIdentifier>{faec295e-8b95-48fb-b9e1-842e04d4e79a}</UniqueIdentifier>
    </Filter>
  </ItemGroup>
  <ItemGroup>
    <Image Include="ico2n1.ico">
      <Filter>Include\Resource</Filter>
    </Image>
    <Image Include="icon1.ico">
      <Filter>Include\Resource</Filter>
    </Image>
  </ItemGroup>
  <ItemGroup>
    <ResourceCompile Include="FiveMP.rc">
      <Filter>Include\Resource</Filter>
    </ResourceCompile>
  </ItemGroup>
</Project>