<?xml version="1.0" encoding="utf-8"?>
<Project ToolsVersion="4.0" xmlns="http://schemas.microsoft.com/developer/msbuild/2003">
  <ItemGroup>
    <Filter Include="Source Files">
      <UniqueIdentifier>{75ff3dcf-4365-4667-8d92-7cb5faaaf9c2}</UniqueIdentifier>
    </Filter>
    <Filter Include="Source Files\Net">
      <UniqueIdentifier>{ee181eb5-e84f-4464-b0f3-e13b40cc5ca6}</UniqueIdentifier>
    </Filter>
    <Filter Include="Source Files\Interface">
      <UniqueIdentifier>{78facad3-3619-4207-ba3c-24223bab0c65}</UniqueIdentifier>
    </Filter>
    <Filter Include="Vendor">
      <UniqueIdentifier>{616352cb-1b83-40fe-a74d-2dfc9090857c}</UniqueIdentifier>
    </Filter>
    <Filter Include="Vendor\Math">
      <UniqueIdentifier>{82212307-0094-4117-96c9-fa0263624f33}</UniqueIdentifier>
    </Filter>
    <Filter Include="Source Files\Common">
      <UniqueIdentifier>{1565938b-813b-4225-9282-06c50f7d5fd5}</UniqueIdentifier>
    </Filter>
    <Filter Include="Source Files\Modification">
      <UniqueIdentifier>{22572701-4f86-47d0-ac68-b8dd5f445136}</UniqueIdentifier>
    </Filter>
    <Filter Include="Source Files\Function">
      <UniqueIdentifier>{5007e35e-439f-4c74-9beb-587d930a78d7}</UniqueIdentifier>
    </Filter>
    <Filter Include="Vendor\RAGE">
      <UniqueIdentifier>{c96727ba-32da-4b95-b34e-f7479ffc983e}</UniqueIdentifier>
    </Filter>
    <Filter Include="Vendor\RAGE\Headers">
      <UniqueIdentifier>{bd1ed1f8-9f60-4255-acab-ba15cb72ea63}</UniqueIdentifier>
    </Filter>
    <Filter Include="Vendor\RAGE\Licenses">
      <UniqueIdentifier>{51ae91b2-5a1d-426e-9437-dcbe4d82e5d0}</UniqueIdentifier>
    </Filter>
    <Filter Include="Header Files">
      <UniqueIdentifier>{fbd3b0dc-0b44-4b23-8e61-5cf84c6443ac}</UniqueIdentifier>
    </Filter>
    <Filter Include="Header Files\Common">
      <UniqueIdentifier>{13b3ce77-fdfe-45c8-a489-0d514fa29c97}</UniqueIdentifier>
    </Filter>
    <Filter Include="Header Files\Function">
      <UniqueIdentifier>{4a1544b0-e1a5-40e7-b9a5-bb20ce72da8a}</UniqueIdentifier>
    </Filter>
    <Filter Include="Header Files\Interface">
      <UniqueIdentifier>{c46b6efb-ef68-42cc-bbb0-840a6ca59e46}</UniqueIdentifier>
    </Filter>
    <Filter Include="Header Files\Modification">
      <UniqueIdentifier>{2839d207-82f5-492d-8585-f7e443391a11}</UniqueIdentifier>
    </Filter>
    <Filter Include="Header Files\Net">
      <UniqueIdentifier>{a17e17ad-4621-4332-b7da-0bd4eb0bfee8}</UniqueIdentifier>
    </Filter>
  </ItemGroup>
  <ItemGroup>
    <ClCompile Include="DrawHelper.cpp">
      <Filter>Vendor\RAGE</Filter>
    </ClCompile>
    <ClCompile Include="Log.cpp">
      <Filter>Vendor\RAGE</Filter>
    </ClCompile>
    <ClCompile Include="RAGEHelper.cpp">
      <Filter>Vendor\RAGE</Filter>
    </ClCompile>
    <ClCompile Include="dllmain.cpp">
      <Filter>Source Files\Common</Filter>
    </ClCompile>
    <ClCompile Include="main.cpp">
      <Filter>Source Files\Common</Filter>
    </ClCompile>
    <ClCompile Include="LocalPlayer.cpp">
      <Filter>Source Files\Net</Filter>
    </ClCompile>
    <ClCompile Include="PlayerPed.cpp">
      <Filter>Source Files\Net</Filter>
    </ClCompile>
    <ClCompile Include="NetworkManager.cpp">
      <Filter>Source Files\Net</Filter>
    </ClCompile>
    <ClCompile Include="RPCManager.cpp">
      <Filter>Source Files\Net</Filter>
    </ClCompile>
    <ClCompile Include="Config.cpp">
      <Filter>Source Files\Modification</Filter>
    </ClCompile>
    <ClCompile Include="Script.cpp">
      <Filter>Source Files\Net</Filter>
    </ClCompile>
    <ClCompile Include="RenderDebug.cpp">
      <Filter>Source Files\Interface</Filter>
    </ClCompile>
    <ClCompile Include="Render.cpp">
      <Filter>Source Files\Interface</Filter>
    </ClCompile>
    <ClCompile Include="Player.cpp">
      <Filter>Source Files\Function</Filter>
    </ClCompile>
    <ClCompile Include="Weapon.cpp">
      <Filter>Source Files\Function</Filter>
    </ClCompile>
    <ClCompile Include="Vehicles.cpp">
      <Filter>Source Files\Function</Filter>
    </ClCompile>
    <ClCompile Include="World.cpp">
      <Filter>Source Files\Function</Filter>
    </ClCompile>
    <ClCompile Include="stdafx.cpp">
      <Filter>Source Files\Common</Filter>
    </ClCompile>
    <ClCompile Include="ScriptHook.cpp">
      <Filter>Source Files\Modification</Filter>
    </ClCompile>
    <ClCompile Include="PlayerPool.cpp">
      <Filter>Source Files\Net</Filter>
    </ClCompile>
    <ClCompile Include="Model.cpp">
      <Filter>Source Files\Function</Filter>
    </ClCompile>
    <ClCompile Include="LocalVehicle.cpp">
      <Filter>Source Files\Net</Filter>
    </ClCompile>
    <ClCompile Include="Blips.cpp">
      <Filter>Source Files\Function</Filter>
    </ClCompile>
    <ClCompile Include="Chat.cpp">
      <Filter>Source Files\Interface</Filter>
    </ClCompile>
    <ClCompile Include="Commands.cpp" />
  </ItemGroup>
  <ItemGroup>
    <ClInclude Include="RAGEHelper.h">
      <Filter>Vendor\RAGE\Headers</Filter>
    </ClInclude>
    <ClInclude Include="DrawHelper.h">
      <Filter>Vendor\RAGE\Headers</Filter>
    </ClInclude>
    <ClInclude Include="Log.h">
      <Filter>Vendor\RAGE\Headers</Filter>
    </ClInclude>
    <ClInclude Include="Pattern.h">
      <Filter>Vendor\RAGE\Headers</Filter>
    </ClInclude>
    <ClInclude Include="CMath.h">
      <Filter>Vendor\Math</Filter>
    </ClInclude>
    <ClInclude Include="CVector3.h">
      <Filter>Vendor\Math</Filter>
    </ClInclude>
    <ClInclude Include="stdafx.h">
      <Filter>Header Files\Common</Filter>
    </ClInclude>
    <ClInclude Include="main.h">
      <Filter>Header Files\Common</Filter>
    </ClInclude>
    <ClInclude Include="Player.h">
      <Filter>Header Files\Function</Filter>
    </ClInclude>
    <ClInclude Include="Vehicles.h">
      <Filter>Header Files\Function</Filter>
    </ClInclude>
    <ClInclude Include="Weapon.h">
      <Filter>Header Files\Function</Filter>
    </ClInclude>
    <ClInclude Include="World.h">
      <Filter>Header Files\Function</Filter>
    </ClInclude>
    <ClInclude Include="Render.h">
      <Filter>Header Files\Interface</Filter>
    </ClInclude>
    <ClInclude Include="RenderDebug.h">
      <Filter>Header Files\Interface</Filter>
    </ClInclude>
    <ClInclude Include="Config.h">
      <Filter>Header Files\Modification</Filter>
    </ClInclude>
    <ClInclude Include="LocalPlayer.h">
      <Filter>Header Files\Net</Filter>
    </ClInclude>
    <ClInclude Include="NetworkManager.h">
      <Filter>Header Files\Net</Filter>
    </ClInclude>
    <ClInclude Include="PlayerPed.h">
      <Filter>Header Files\Net</Filter>
    </ClInclude>
    <ClInclude Include="RPCManager.h">
      <Filter>Header Files\Net</Filter>
    </ClInclude>
    <ClInclude Include="Script.h">
      <Filter>Header Files\Net</Filter>
    </ClInclude>
    <ClInclude Include="ScriptHook.h">
      <Filter>Header Files\Modification</Filter>
    </ClInclude>
    <ClInclude Include="PlayerPool.h">
      <Filter>Header Files\Net</Filter>
    </ClInclude>
    <ClInclude Include="Model.h">
      <Filter>Header Files\Function</Filter>
    </ClInclude>
    <ClInclude Include="LocalVehicle.h">
      <Filter>Header Files\Net</Filter>
    </ClInclude>
    <ClInclude Include="Blips.h">
      <Filter>Header Files\Function</Filter>
    </ClInclude>
    <ClInclude Include="Chat.h">
      <Filter>Header Files\Interface</Filter>
    </ClInclude>
    <ClInclude Include="Commands.h" />
  </ItemGroup>
  <ItemGroup>
    <None Include="citizenmp-LICENSE">
      <Filter>Vendor\RAGE\Licenses</Filter>
    </None>
    <None Include="LICENSE">
      <Filter>Vendor\RAGE\Licenses</Filter>
    </None>
  </ItemGroup>
</Project>